// !$*UTF8*$!
{
	archiveVersion = 1;
	classes = {
	};
	objectVersion = 56;
	objects = {

/* Begin PBXBuildFile section */
		046B7BDF2AD02C7B00031AFB /* Messenger_CopyApp.swift in Sources */ = {isa = PBXBuildFile; fileRef = 046B7BDE2AD02C7B00031AFB /* Messenger_CopyApp.swift */; };
		046B7BE12AD02C7B00031AFB /* ContentView.swift in Sources */ = {isa = PBXBuildFile; fileRef = 046B7BE02AD02C7B00031AFB /* ContentView.swift */; };
		046B7BE32AD02C7E00031AFB /* Assets.xcassets in Resources */ = {isa = PBXBuildFile; fileRef = 046B7BE22AD02C7E00031AFB /* Assets.xcassets */; };
		046B7BE62AD02C7E00031AFB /* Preview Assets.xcassets in Resources */ = {isa = PBXBuildFile; fileRef = 046B7BE52AD02C7E00031AFB /* Preview Assets.xcassets */; };
		046B7BF52AD02E0900031AFB /* LoginView.swift in Sources */ = {isa = PBXBuildFile; fileRef = 046B7BF42AD02E0900031AFB /* LoginView.swift */; };
		046B7BF72AD0380F00031AFB /* RegistrationView.swift in Sources */ = {isa = PBXBuildFile; fileRef = 046B7BF62AD0380F00031AFB /* RegistrationView.swift */; };
		046B7BFA2AD03A9000031AFB /* InboxView.swift in Sources */ = {isa = PBXBuildFile; fileRef = 046B7BF92AD03A8F00031AFB /* InboxView.swift */; };
		046B7BFD2AD03C9400031AFB /* ActiveNowView.swift in Sources */ = {isa = PBXBuildFile; fileRef = 046B7BFC2AD03C9300031AFB /* ActiveNowView.swift */; };
		046B7BFF2AD03FCB00031AFB /* InboxRowView.swift in Sources */ = {isa = PBXBuildFile; fileRef = 046B7BFE2AD03FCB00031AFB /* InboxRowView.swift */; };
		046B7C022AD044C500031AFB /* NewMessageView.swift in Sources */ = {isa = PBXBuildFile; fileRef = 046B7C012AD044C500031AFB /* NewMessageView.swift */; };
		046B7C072AD0497300031AFB /* ProfileView.swift in Sources */ = {isa = PBXBuildFile; fileRef = 046B7C062AD0497300031AFB /* ProfileView.swift */; };
		046B7C092AD04ACC00031AFB /* SettingsViewModel.swift in Sources */ = {isa = PBXBuildFile; fileRef = 046B7C082AD04ACC00031AFB /* SettingsViewModel.swift */; };
		046B7C0B2AD04E3400031AFB /* ProfileViewModel.swift in Sources */ = {isa = PBXBuildFile; fileRef = 046B7C0A2AD04E3400031AFB /* ProfileViewModel.swift */; };
/* End PBXBuildFile section */

/* Begin PBXFileReference section */
		046B7BDB2AD02C7B00031AFB /* Messenger Copy.app */ = {isa = PBXFileReference; explicitFileType = wrapper.application; includeInIndex = 0; path = "Messenger Copy.app"; sourceTree = BUILT_PRODUCTS_DIR; };
		046B7BDE2AD02C7B00031AFB /* Messenger_CopyApp.swift */ = {isa = PBXFileReference; lastKnownFileType = sourcecode.swift; path = Messenger_CopyApp.swift; sourceTree = "<group>"; };
		046B7BE02AD02C7B00031AFB /* ContentView.swift */ = {isa = PBXFileReference; lastKnownFileType = sourcecode.swift; path = ContentView.swift; sourceTree = "<group>"; };
		046B7BE22AD02C7E00031AFB /* Assets.xcassets */ = {isa = PBXFileReference; lastKnownFileType = folder.assetcatalog; path = Assets.xcassets; sourceTree = "<group>"; };
		046B7BE52AD02C7E00031AFB /* Preview Assets.xcassets */ = {isa = PBXFileReference; lastKnownFileType = folder.assetcatalog; path = "Preview Assets.xcassets"; sourceTree = "<group>"; };
		046B7BF42AD02E0900031AFB /* LoginView.swift */ = {isa = PBXFileReference; lastKnownFileType = sourcecode.swift; path = LoginView.swift; sourceTree = "<group>"; };
		046B7BF62AD0380F00031AFB /* RegistrationView.swift */ = {isa = PBXFileReference; lastKnownFileType = sourcecode.swift; path = RegistrationView.swift; sourceTree = "<group>"; };
		046B7BF92AD03A8F00031AFB /* InboxView.swift */ = {isa = PBXFileReference; lastKnownFileType = sourcecode.swift; path = InboxView.swift; sourceTree = "<group>"; };
		046B7BFC2AD03C9300031AFB /* ActiveNowView.swift */ = {isa = PBXFileReference; lastKnownFileType = sourcecode.swift; path = ActiveNowView.swift; sourceTree = "<group>"; };
		046B7BFE2AD03FCB00031AFB /* InboxRowView.swift */ = {isa = PBXFileReference; lastKnownFileType = sourcecode.swift; path = InboxRowView.swift; sourceTree = "<group>"; };
		046B7C012AD044C500031AFB /* NewMessageView.swift */ = {isa = PBXFileReference; lastKnownFileType = sourcecode.swift; path = NewMessageView.swift; sourceTree = "<group>"; };
		046B7C062AD0497300031AFB /* ProfileView.swift */ = {isa = PBXFileReference; lastKnownFileType = sourcecode.swift; path = ProfileView.swift; sourceTree = "<group>"; };
		046B7C082AD04ACC00031AFB /* SettingsViewModel.swift */ = {isa = PBXFileReference; lastKnownFileType = sourcecode.swift; path = SettingsViewModel.swift; sourceTree = "<group>"; };
		046B7C0A2AD04E3400031AFB /* ProfileViewModel.swift */ = {isa = PBXFileReference; lastKnownFileType = sourcecode.swift; path = ProfileViewModel.swift; sourceTree = "<group>"; };
/* End PBXFileReference section */

/* Begin PBXFrameworksBuildPhase section */
		046B7BD82AD02C7B00031AFB /* Frameworks */ = {
			isa = PBXFrameworksBuildPhase;
			buildActionMask = 2147483647;
			files = (
			);
			runOnlyForDeploymentPostprocessing = 0;
		};
/* End PBXFrameworksBuildPhase section */

/* Begin PBXGroup section */
		046B7BD22AD02C7B00031AFB = {
			isa = PBXGroup;
			children = (
				046B7BDD2AD02C7B00031AFB /* Messenger Copy */,
				046B7BDC2AD02C7B00031AFB /* Products */,
			);
			sourceTree = "<group>";
		};
		046B7BDC2AD02C7B00031AFB /* Products */ = {
			isa = PBXGroup;
			children = (
				046B7BDB2AD02C7B00031AFB /* Messenger Copy.app */,
			);
			name = Products;
			sourceTree = "<group>";
		};
		046B7BDD2AD02C7B00031AFB /* Messenger Copy */ = {
			isa = PBXGroup;
			children = (
				046B7BEC2AD02D4200031AFB /* App */,
				046B7BEE2AD02D7A00031AFB /* Core */,
				046B7BF02AD02D8B00031AFB /* Service */,
				046B7BEF2AD02D7F00031AFB /* Model */,
				046B7BED2AD02D6100031AFB /* Extentions */,
				046B7BE22AD02C7E00031AFB /* Assets.xcassets */,
				046B7BE42AD02C7E00031AFB /* Preview Content */,
			);
			path = "Messenger Copy";
			sourceTree = "<group>";
		};
		046B7BE42AD02C7E00031AFB /* Preview Content */ = {
			isa = PBXGroup;
			children = (
				046B7BE52AD02C7E00031AFB /* Preview Assets.xcassets */,
			);
			path = "Preview Content";
			sourceTree = "<group>";
		};
		046B7BEC2AD02D4200031AFB /* App */ = {
			isa = PBXGroup;
			children = (
				046B7BDE2AD02C7B00031AFB /* Messenger_CopyApp.swift */,
			);
			path = App;
			sourceTree = "<group>";
		};
		046B7BED2AD02D6100031AFB /* Extentions */ = {
			isa = PBXGroup;
			children = (
			);
			path = Extentions;
			sourceTree = "<group>";
		};
		046B7BEE2AD02D7A00031AFB /* Core */ = {
			isa = PBXGroup;
			children = (
				046B7C032AD0495500031AFB /* Profile */,
				046B7BF12AD02DBA00031AFB /* Authantication */,
				046B7BF82AD03A7000031AFB /* Inbox */,
				046B7BFB2AD03C7A00031AFB /* ActiveNow */,
				046B7C002AD044A600031AFB /* NewMessage */,
				046B7BF22AD02DD100031AFB /* Root */,
			);
			path = Core;
			sourceTree = "<group>";
		};
		046B7BEF2AD02D7F00031AFB /* Model */ = {
			isa = PBXGroup;
			children = (
			);
			path = Model;
			sourceTree = "<group>";
		};
		046B7BF02AD02D8B00031AFB /* Service */ = {
			isa = PBXGroup;
			children = (
			);
			path = Service;
			sourceTree = "<group>";
		};
		046B7BF12AD02DBA00031AFB /* Authantication */ = {
			isa = PBXGroup;
			children = (
				046B7BF32AD02DF100031AFB /* View */,
			);
			path = Authantication;
			sourceTree = "<group>";
		};
		046B7BF22AD02DD100031AFB /* Root */ = {
			isa = PBXGroup;
			children = (
				046B7BE02AD02C7B00031AFB /* ContentView.swift */,
			);
			path = Root;
			sourceTree = "<group>";
		};
		046B7BF32AD02DF100031AFB /* View */ = {
			isa = PBXGroup;
			children = (
				046B7BF42AD02E0900031AFB /* LoginView.swift */,
				046B7BF62AD0380F00031AFB /* RegistrationView.swift */,
			);
			path = View;
			sourceTree = "<group>";
		};
		046B7BF82AD03A7000031AFB /* Inbox */ = {
			isa = PBXGroup;
			children = (
				046B7BF92AD03A8F00031AFB /* InboxView.swift */,
				046B7BFE2AD03FCB00031AFB /* InboxRowView.swift */,
			);
			path = Inbox;
			sourceTree = "<group>";
		};
		046B7BFB2AD03C7A00031AFB /* ActiveNow */ = {
			isa = PBXGroup;
			children = (
				046B7BFC2AD03C9300031AFB /* ActiveNowView.swift */,
			);
			path = ActiveNow;
			sourceTree = "<group>";
		};
		046B7C002AD044A600031AFB /* NewMessage */ = {
			isa = PBXGroup;
			children = (
				046B7C012AD044C500031AFB /* NewMessageView.swift */,
			);
			path = NewMessage;
			sourceTree = "<group>";
		};
		046B7C032AD0495500031AFB /* Profile */ = {
			isa = PBXGroup;
			children = (
				046B7C052AD0496700031AFB /* View */,
				046B7C042AD0496000031AFB /* ViewModel */,
			);
			path = Profile;
			sourceTree = "<group>";
		};
		046B7C042AD0496000031AFB /* ViewModel */ = {
			isa = PBXGroup;
			children = (
				046B7C082AD04ACC00031AFB /* SettingsViewModel.swift */,
				046B7C0A2AD04E3400031AFB /* ProfileViewModel.swift */,
			);
			path = ViewModel;
			sourceTree = "<group>";
		};
		046B7C052AD0496700031AFB /* View */ = {
			isa = PBXGroup;
			children = (
				046B7C062AD0497300031AFB /* ProfileView.swift */,
			);
			path = View;
			sourceTree = "<group>";
		};
/* End PBXGroup section */

/* Begin PBXNativeTarget section */
		046B7BDA2AD02C7B00031AFB /* Messenger Copy */ = {
			isa = PBXNativeTarget;
			buildConfigurationList = 046B7BE92AD02C7E00031AFB /* Build configuration list for PBXNativeTarget "Messenger Copy" */;
			buildPhases = (
				046B7BD72AD02C7B00031AFB /* Sources */,
				046B7BD82AD02C7B00031AFB /* Frameworks */,
				046B7BD92AD02C7B00031AFB /* Resources */,
			);
			buildRules = (
			);
			dependencies = (
			);
			name = "Messenger Copy";
			productName = "Messenger Copy";
			productReference = 046B7BDB2AD02C7B00031AFB /* Messenger Copy.app */;
			productType = "com.apple.product-type.application";
		};
/* End PBXNativeTarget section */

/* Begin PBXProject section */
		046B7BD32AD02C7B00031AFB /* Project object */ = {
			isa = PBXProject;
			attributes = {
				BuildIndependentTargetsInParallel = 1;
				LastSwiftUpdateCheck = 1500;
				LastUpgradeCheck = 1500;
				TargetAttributes = {
					046B7BDA2AD02C7B00031AFB = {
						CreatedOnToolsVersion = 15.0;
					};
				};
			};
			buildConfigurationList = 046B7BD62AD02C7B00031AFB /* Build configuration list for PBXProject "Messenger Copy" */;
			compatibilityVersion = "Xcode 14.0";
			developmentRegion = en;
			hasScannedForEncodings = 0;
			knownRegions = (
				en,
				Base,
			);
			mainGroup = 046B7BD22AD02C7B00031AFB;
			productRefGroup = 046B7BDC2AD02C7B00031AFB /* Products */;
			projectDirPath = "";
			projectRoot = "";
			targets = (
				046B7BDA2AD02C7B00031AFB /* Messenger Copy */,
			);
		};
/* End PBXProject section */

/* Begin PBXResourcesBuildPhase section */
		046B7BD92AD02C7B00031AFB /* Resources */ = {
			isa = PBXResourcesBuildPhase;
			buildActionMask = 2147483647;
			files = (
				046B7BE62AD02C7E00031AFB /* Preview Assets.xcassets in Resources */,
				046B7BE32AD02C7E00031AFB /* Assets.xcassets in Resources */,
			);
			runOnlyForDeploymentPostprocessing = 0;
		};
/* End PBXResourcesBuildPhase section */

/* Begin PBXSourcesBuildPhase section */
		046B7BD72AD02C7B00031AFB /* Sources */ = {
			isa = PBXSourcesBuildPhase;
			buildActionMask = 2147483647;
			files = (
				046B7BFF2AD03FCB00031AFB /* InboxRowView.swift in Sources */,
				046B7C072AD0497300031AFB /* ProfileView.swift in Sources */,
				046B7C022AD044C500031AFB /* NewMessageView.swift in Sources */,
				046B7BF52AD02E0900031AFB /* LoginView.swift in Sources */,
				046B7BE12AD02C7B00031AFB /* ContentView.swift in Sources */,
				046B7C092AD04ACC00031AFB /* SettingsViewModel.swift in Sources */,
				046B7BFA2AD03A9000031AFB /* InboxView.swift in Sources */,
				046B7C0B2AD04E3400031AFB /* ProfileViewModel.swift in Sources */,
				046B7BFD2AD03C9400031AFB /* ActiveNowView.swift in Sources */,
				046B7BDF2AD02C7B00031AFB /* Messenger_CopyApp.swift in Sources */,
				046B7BF72AD0380F00031AFB /* RegistrationView.swift in Sources */,
			);
			runOnlyForDeploymentPostprocessing = 0;
		};
/* End PBXSourcesBuildPhase section */

/* Begin XCBuildConfiguration section */
		046B7BE72AD02C7E00031AFB /* Debug */ = {
			isa = XCBuildConfiguration;
			buildSettings = {
				ALWAYS_SEARCH_USER_PATHS = NO;
				ASSETCATALOG_COMPILER_GENERATE_SWIFT_ASSET_SYMBOL_EXTENSIONS = YES;
				CLANG_ANALYZER_NONNULL = YES;
				CLANG_ANALYZER_NUMBER_OBJECT_CONVERSION = YES_AGGRESSIVE;
				CLANG_CXX_LANGUAGE_STANDARD = "gnu++20";
				CLANG_ENABLE_MODULES = YES;
				CLANG_ENABLE_OBJC_ARC = YES;
				CLANG_ENABLE_OBJC_WEAK = YES;
				CLANG_WARN_BLOCK_CAPTURE_AUTORELEASING = YES;
				CLANG_WARN_BOOL_CONVERSION = YES;
				CLANG_WARN_COMMA = YES;
				CLANG_WARN_CONSTANT_CONVERSION = YES;
				CLANG_WARN_DEPRECATED_OBJC_IMPLEMENTATIONS = YES;
				CLANG_WARN_DIRECT_OBJC_ISA_USAGE = YES_ERROR;
				CLANG_WARN_DOCUMENTATION_COMMENTS = YES;
				CLANG_WARN_EMPTY_BODY = YES;
				CLANG_WARN_ENUM_CONVERSION = YES;
				CLANG_WARN_INFINITE_RECURSION = YES;
				CLANG_WARN_INT_CONVERSION = YES;
				CLANG_WARN_NON_LITERAL_NULL_CONVERSION = YES;
				CLANG_WARN_OBJC_IMPLICIT_RETAIN_SELF = YES;
				CLANG_WARN_OBJC_LITERAL_CONVERSION = YES;
				CLANG_WARN_OBJC_ROOT_CLASS = YES_ERROR;
				CLANG_WARN_QUOTED_INCLUDE_IN_FRAMEWORK_HEADER = YES;
				CLANG_WARN_RANGE_LOOP_ANALYSIS = YES;
				CLANG_WARN_STRICT_PROTOTYPES = YES;
				CLANG_WARN_SUSPICIOUS_MOVE = YES;
				CLANG_WARN_UNGUARDED_AVAILABILITY = YES_AGGRESSIVE;
				CLANG_WARN_UNREACHABLE_CODE = YES;
				CLANG_WARN__DUPLICATE_METHOD_MATCH = YES;
				COPY_PHASE_STRIP = NO;
				DEBUG_INFORMATION_FORMAT = dwarf;
				ENABLE_STRICT_OBJC_MSGSEND = YES;
				ENABLE_TESTABILITY = YES;
				ENABLE_USER_SCRIPT_SANDBOXING = YES;
				GCC_C_LANGUAGE_STANDARD = gnu17;
				GCC_DYNAMIC_NO_PIC = NO;
				GCC_NO_COMMON_BLOCKS = YES;
				GCC_OPTIMIZATION_LEVEL = 0;
				GCC_PREPROCESSOR_DEFINITIONS = (
					"DEBUG=1",
					"$(inherited)",
				);
				GCC_WARN_64_TO_32_BIT_CONVERSION = YES;
				GCC_WARN_ABOUT_RETURN_TYPE = YES_ERROR;
				GCC_WARN_UNDECLARED_SELECTOR = YES;
				GCC_WARN_UNINITIALIZED_AUTOS = YES_AGGRESSIVE;
				GCC_WARN_UNUSED_FUNCTION = YES;
				GCC_WARN_UNUSED_VARIABLE = YES;
				IPHONEOS_DEPLOYMENT_TARGET = 17.0;
				LOCALIZATION_PREFERS_STRING_CATALOGS = YES;
				MTL_ENABLE_DEBUG_INFO = INCLUDE_SOURCE;
				MTL_FAST_MATH = YES;
				ONLY_ACTIVE_ARCH = YES;
				SDKROOT = iphoneos;
				SWIFT_ACTIVE_COMPILATION_CONDITIONS = "DEBUG $(inherited)";
				SWIFT_OPTIMIZATION_LEVEL = "-Onone";
			};
			name = Debug;
		};
		046B7BE82AD02C7E00031AFB /* Release */ = {
			isa = XCBuildConfiguration;
			buildSettings = {
				ALWAYS_SEARCH_USER_PATHS = NO;
				ASSETCATALOG_COMPILER_GENERATE_SWIFT_ASSET_SYMBOL_EXTENSIONS = YES;
				CLANG_ANALYZER_NONNULL = YES;
				CLANG_ANALYZER_NUMBER_OBJECT_CONVERSION = YES_AGGRESSIVE;
				CLANG_CXX_LANGUAGE_STANDARD = "gnu++20";
				CLANG_ENABLE_MODULES = YES;
				CLANG_ENABLE_OBJC_ARC = YES;
				CLANG_ENABLE_OBJC_WEAK = YES;
				CLANG_WARN_BLOCK_CAPTURE_AUTORELEASING = YES;
				CLANG_WARN_BOOL_CONVERSION = YES;
				CLANG_WARN_COMMA = YES;
				CLANG_WARN_CONSTANT_CONVERSION = YES;
				CLANG_WARN_DEPRECATED_OBJC_IMPLEMENTATIONS = YES;
				CLANG_WARN_DIRECT_OBJC_ISA_USAGE = YES_ERROR;
				CLANG_WARN_DOCUMENTATION_COMMENTS = YES;
				CLANG_WARN_EMPTY_BODY = YES;
				CLANG_WARN_ENUM_CONVERSION = YES;
				CLANG_WARN_INFINITE_RECURSION = YES;
				CLANG_WARN_INT_CONVERSION = YES;
				CLANG_WARN_NON_LITERAL_NULL_CONVERSION = YES;
				CLANG_WARN_OBJC_IMPLICIT_RETAIN_SELF = YES;
				CLANG_WARN_OBJC_LITERAL_CONVERSION = YES;
				CLANG_WARN_OBJC_ROOT_CLASS = YES_ERROR;
				CLANG_WARN_QUOTED_INCLUDE_IN_FRAMEWORK_HEADER = YES;
				CLANG_WARN_RANGE_LOOP_ANALYSIS = YES;
				CLANG_WARN_STRICT_PROTOTYPES = YES;
				CLANG_WARN_SUSPICIOUS_MOVE = YES;
				CLANG_WARN_UNGUARDED_AVAILABILITY = YES_AGGRESSIVE;
				CLANG_WARN_UNREACHABLE_CODE = YES;
				CLANG_WARN__DUPLICATE_METHOD_MATCH = YES;
				COPY_PHASE_STRIP = NO;
				DEBUG_INFORMATION_FORMAT = "dwarf-with-dsym";
				ENABLE_NS_ASSERTIONS = NO;
				ENABLE_STRICT_OBJC_MSGSEND = YES;
				ENABLE_USER_SCRIPT_SANDBOXING = YES;
				GCC_C_LANGUAGE_STANDARD = gnu17;
				GCC_NO_COMMON_BLOCKS = YES;
				GCC_WARN_64_TO_32_BIT_CONVERSION = YES;
				GCC_WARN_ABOUT_RETURN_TYPE = YES_ERROR;
				GCC_WARN_UNDECLARED_SELECTOR = YES;
				GCC_WARN_UNINITIALIZED_AUTOS = YES_AGGRESSIVE;
				GCC_WARN_UNUSED_FUNCTION = YES;
				GCC_WARN_UNUSED_VARIABLE = YES;
				IPHONEOS_DEPLOYMENT_TARGET = 17.0;
				LOCALIZATION_PREFERS_STRING_CATALOGS = YES;
				MTL_ENABLE_DEBUG_INFO = NO;
				MTL_FAST_MATH = YES;
				SDKROOT = iphoneos;
				SWIFT_COMPILATION_MODE = wholemodule;
				VALIDATE_PRODUCT = YES;
			};
			name = Release;
		};
		046B7BEA2AD02C7E00031AFB /* Debug */ = {
			isa = XCBuildConfiguration;
			buildSettings = {
				ASSETCATALOG_COMPILER_APPICON_NAME = AppIcon;
				ASSETCATALOG_COMPILER_GLOBAL_ACCENT_COLOR_NAME = AccentColor;
				CODE_SIGN_STYLE = Automatic;
				CURRENT_PROJECT_VERSION = 1;
				DEVELOPMENT_ASSET_PATHS = "\"Messenger Copy/Preview Content\"";
				DEVELOPMENT_TEAM = J2C6GVHVQ9;
				ENABLE_PREVIEWS = YES;
				GENERATE_INFOPLIST_FILE = YES;
				INFOPLIST_KEY_UIApplicationSceneManifest_Generation = YES;
				INFOPLIST_KEY_UIApplicationSupportsIndirectInputEvents = YES;
				INFOPLIST_KEY_UILaunchScreen_Generation = YES;
				INFOPLIST_KEY_UISupportedInterfaceOrientations_iPad = "UIInterfaceOrientationPortrait UIInterfaceOrientationPortraitUpsideDown UIInterfaceOrientationLandscapeLeft UIInterfaceOrientationLandscapeRight";
				INFOPLIST_KEY_UISupportedInterfaceOrientations_iPhone = "UIInterfaceOrientationPortrait UIInterfaceOrientationLandscapeLeft UIInterfaceOrientationLandscapeRight";
				LD_RUNPATH_SEARCH_PATHS = (
					"$(inherited)",
					"@executable_path/Frameworks",
				);
				MARKETING_VERSION = 1.0;
				PRODUCT_BUNDLE_IDENTIFIER = "AK.Messenger-Copy";
				PRODUCT_NAME = "$(TARGET_NAME)";
				SWIFT_EMIT_LOC_STRINGS = YES;
				SWIFT_VERSION = 5.0;
				TARGETED_DEVICE_FAMILY = "1,2";
			};
			name = Debug;
		};
		046B7BEB2AD02C7E00031AFB /* Release */ = {
			isa = XCBuildConfiguration;
			buildSettings = {
				ASSETCATALOG_COMPILER_APPICON_NAME = AppIcon;
				ASSETCATALOG_COMPILER_GLOBAL_ACCENT_COLOR_NAME = AccentColor;
				CODE_SIGN_STYLE = Automatic;
				CURRENT_PROJECT_VERSION = 1;
				DEVELOPMENT_ASSET_PATHS = "\"Messenger Copy/Preview Content\"";
				DEVELOPMENT_TEAM = J2C6GVHVQ9;
				ENABLE_PREVIEWS = YES;
				GENERATE_INFOPLIST_FILE = YES;
				INFOPLIST_KEY_UIApplicationSceneManifest_Generation = YES;
				INFOPLIST_KEY_UIApplicationSupportsIndirectInputEvents = YES;
				INFOPLIST_KEY_UILaunchScreen_Generation = YES;
				INFOPLIST_KEY_UISupportedInterfaceOrientations_iPad = "UIInterfaceOrientationPortrait UIInterfaceOrientationPortraitUpsideDown UIInterfaceOrientationLandscapeLeft UIInterfaceOrientationLandscapeRight";
				INFOPLIST_KEY_UISupportedInterfaceOrientations_iPhone = "UIInterfaceOrientationPortrait UIInterfaceOrientationLandscapeLeft UIInterfaceOrientationLandscapeRight";
				LD_RUNPATH_SEARCH_PATHS = (
					"$(inherited)",
					"@executable_path/Frameworks",
				);
				MARKETING_VERSION = 1.0;
				PRODUCT_BUNDLE_IDENTIFIER = "AK.Messenger-Copy";
				PRODUCT_NAME = "$(TARGET_NAME)";
				SWIFT_EMIT_LOC_STRINGS = YES;
				SWIFT_VERSION = 5.0;
				TARGETED_DEVICE_FAMILY = "1,2";
			};
			name = Release;
		};
/* End XCBuildConfiguration section */

/* Begin XCConfigurationList section */
		046B7BD62AD02C7B00031AFB /* Build configuration list for PBXProject "Messenger Copy" */ = {
			isa = XCConfigurationList;
			buildConfigurations = (
				046B7BE72AD02C7E00031AFB /* Debug */,
				046B7BE82AD02C7E00031AFB /* Release */,
			);
			defaultConfigurationIsVisible = 0;
			defaultConfigurationName = Release;
		};
		046B7BE92AD02C7E00031AFB /* Build configuration list for PBXNativeTarget "Messenger Copy" */ = {
			isa = XCConfigurationList;
			buildConfigurations = (
				046B7BEA2AD02C7E00031AFB /* Debug */,
				046B7BEB2AD02C7E00031AFB /* Release */,
			);
			defaultConfigurationIsVisible = 0;
			defaultConfigurationName = Release;
		};
/* End XCConfigurationList section */
	};
	rootObject = 046B7BD32AD02C7B00031AFB /* Project object */;
}
